// !$*UTF8*$!
{
	archiveVersion = 1;
	classes = {
	};
	objectVersion = 46;
	objects = {

/* Begin PBXBuildFile section */
		0310AC7C156FBF0900297FF5 /* Pet.m in Sources */ = {isa = PBXBuildFile; fileRef = 0310AC7B156FBF0900297FF5 /* Pet.m */; };
		032F6485153A1377004E22FA /* ProtocolPersist.m in Sources */ = {isa = PBXBuildFile; fileRef = 032F6484153A1377004E22FA /* ProtocolPersist.m */; };
		032F6488153A1606004E22FA /* libsqlite3.dylib in Frameworks */ = {isa = PBXBuildFile; fileRef = 032F6487153A1606004E22FA /* libsqlite3.dylib */; };
		035184EF1537A7CC000081DD /* me_coding.jpg in Resources */ = {isa = PBXBuildFile; fileRef = 035184EE1537A7CC000081DD /* me_coding.jpg */; };
		035184F21537B38F000081DD /* Button_Blue.png in Resources */ = {isa = PBXBuildFile; fileRef = 035184F11537B38F000081DD /* Button_Blue.png */; };
		03B918A7153117F800ADFAEA /* UIKit.framework in Frameworks */ = {isa = PBXBuildFile; fileRef = 03B918A6153117F800ADFAEA /* UIKit.framework */; };
		03B918A9153117F800ADFAEA /* Foundation.framework in Frameworks */ = {isa = PBXBuildFile; fileRef = 03B918A8153117F800ADFAEA /* Foundation.framework */; };
		03B918AB153117F800ADFAEA /* CoreGraphics.framework in Frameworks */ = {isa = PBXBuildFile; fileRef = 03B918AA153117F800ADFAEA /* CoreGraphics.framework */; };
		03B918B1153117F800ADFAEA /* InfoPlist.strings in Resources */ = {isa = PBXBuildFile; fileRef = 03B918AF153117F800ADFAEA /* InfoPlist.strings */; };
		03B918B3153117F800ADFAEA /* main.m in Sources */ = {isa = PBXBuildFile; fileRef = 03B918B2153117F800ADFAEA /* main.m */; };
		03B918B7153117F800ADFAEA /* AppDelegate.m in Sources */ = {isa = PBXBuildFile; fileRef = 03B918B6153117F800ADFAEA /* AppDelegate.m */; };
		03B918BA153117F900ADFAEA /* MainStoryboard_iPhone.storyboard in Resources */ = {isa = PBXBuildFile; fileRef = 03B918B8153117F800ADFAEA /* MainStoryboard_iPhone.storyboard */; };
		03B918BD153117F900ADFAEA /* MainStoryboard_iPad.storyboard in Resources */ = {isa = PBXBuildFile; fileRef = 03B918BB153117F900ADFAEA /* MainStoryboard_iPad.storyboard */; };
		03B918C0153117F900ADFAEA /* ViewController.m in Sources */ = {isa = PBXBuildFile; fileRef = 03B918BF153117F900ADFAEA /* ViewController.m */; };
		03B918CC1531185600ADFAEA /* ProtocolManager.m in Sources */ = {isa = PBXBuildFile; fileRef = 03B918C91531185600ADFAEA /* ProtocolManager.m */; };
		03B918CD1531185600ADFAEA /* ProtocolObject.m in Sources */ = {isa = PBXBuildFile; fileRef = 03B918CB1531185600ADFAEA /* ProtocolObject.m */; };
		03B918D0153118AE00ADFAEA /* Member.m in Sources */ = {isa = PBXBuildFile; fileRef = 03B918CF153118AE00ADFAEA /* Member.m */; };
		03DFE5F7153DB03D00BABD48 /* SystemConfiguration.framework in Frameworks */ = {isa = PBXBuildFile; fileRef = 03DFE5F6153DB03D00BABD48 /* SystemConfiguration.framework */; };
		03DFE5FE153DB83A00BABD48 /* Reachability.m in Sources */ = {isa = PBXBuildFile; fileRef = 03DFE5FD153DB83A00BABD48 /* Reachability.m */; };
/* End PBXBuildFile section */

/* Begin PBXFileReference section */
		0310AC7A156FBF0900297FF5 /* Pet.h */ = {isa = PBXFileReference; fileEncoding = 4; lastKnownFileType = sourcecode.c.h; path = Pet.h; sourceTree = "<group>"; };
		0310AC7B156FBF0900297FF5 /* Pet.m */ = {isa = PBXFileReference; fileEncoding = 4; lastKnownFileType = sourcecode.c.objc; path = Pet.m; sourceTree = "<group>"; };
		032F6483153A1377004E22FA /* ProtocolPersist.h */ = {isa = PBXFileReference; fileEncoding = 4; lastKnownFileType = sourcecode.c.h; path = ProtocolPersist.h; sourceTree = "<group>"; };
		032F6484153A1377004E22FA /* ProtocolPersist.m */ = {isa = PBXFileReference; fileEncoding = 4; lastKnownFileType = sourcecode.c.objc; path = ProtocolPersist.m; sourceTree = "<group>"; };
		032F6487153A1606004E22FA /* libsqlite3.dylib */ = {isa = PBXFileReference; lastKnownFileType = "compiled.mach-o.dylib"; name = libsqlite3.dylib; path = usr/lib/libsqlite3.dylib; sourceTree = SDKROOT; };
		035184EE1537A7CC000081DD /* me_coding.jpg */ = {isa = PBXFileReference; lastKnownFileType = image.jpeg; name = me_coding.jpg; path = ../../../Pictures/me_coding.jpg; sourceTree = "<group>"; };
		035184F11537B38F000081DD /* Button_Blue.png */ = {isa = PBXFileReference; lastKnownFileType = image.png; name = Button_Blue.png; path = ../../../Downloads/Button_Blue.png; sourceTree = "<group>"; };
		03B918A2153117F800ADFAEA /* Protocol.app */ = {isa = PBXFileReference; explicitFileType = wrapper.application; includeInIndex = 0; path = Protocol.app; sourceTree = BUILT_PRODUCTS_DIR; };
		03B918A6153117F800ADFAEA /* UIKit.framework */ = {isa = PBXFileReference; lastKnownFileType = wrapper.framework; name = UIKit.framework; path = System/Library/Frameworks/UIKit.framework; sourceTree = SDKROOT; };
		03B918A8153117F800ADFAEA /* Foundation.framework */ = {isa = PBXFileReference; lastKnownFileType = wrapper.framework; name = Foundation.framework; path = System/Library/Frameworks/Foundation.framework; sourceTree = SDKROOT; };
		03B918AA153117F800ADFAEA /* CoreGraphics.framework */ = {isa = PBXFileReference; lastKnownFileType = wrapper.framework; name = CoreGraphics.framework; path = System/Library/Frameworks/CoreGraphics.framework; sourceTree = SDKROOT; };
		03B918AE153117F800ADFAEA /* Protocol-Info.plist */ = {isa = PBXFileReference; lastKnownFileType = text.plist.xml; path = "Protocol-Info.plist"; sourceTree = "<group>"; };
		03B918B0153117F800ADFAEA /* en */ = {isa = PBXFileReference; lastKnownFileType = text.plist.strings; name = en; path = en.lproj/InfoPlist.strings; sourceTree = "<group>"; };
		03B918B2153117F800ADFAEA /* main.m */ = {isa = PBXFileReference; lastKnownFileType = sourcecode.c.objc; path = main.m; sourceTree = "<group>"; };
		03B918B4153117F800ADFAEA /* Protocol-Prefix.pch */ = {isa = PBXFileReference; lastKnownFileType = sourcecode.c.h; path = "Protocol-Prefix.pch"; sourceTree = "<group>"; };
		03B918B5153117F800ADFAEA /* AppDelegate.h */ = {isa = PBXFileReference; lastKnownFileType = sourcecode.c.h; path = AppDelegate.h; sourceTree = "<group>"; };
		03B918B6153117F800ADFAEA /* AppDelegate.m */ = {isa = PBXFileReference; lastKnownFileType = sourcecode.c.objc; path = AppDelegate.m; sourceTree = "<group>"; };
		03B918B9153117F900ADFAEA /* en */ = {isa = PBXFileReference; lastKnownFileType = file.storyboard; name = en; path = en.lproj/MainStoryboard_iPhone.storyboard; sourceTree = "<group>"; };
		03B918BC153117F900ADFAEA /* en */ = {isa = PBXFileReference; lastKnownFileType = file.storyboard; name = en; path = en.lproj/MainStoryboard_iPad.storyboard; sourceTree = "<group>"; };
		03B918BE153117F900ADFAEA /* ViewController.h */ = {isa = PBXFileReference; lastKnownFileType = sourcecode.c.h; path = ViewController.h; sourceTree = "<group>"; };
		03B918BF153117F900ADFAEA /* ViewController.m */ = {isa = PBXFileReference; lastKnownFileType = sourcecode.c.objc; path = ViewController.m; sourceTree = "<group>"; };
		03B918C81531185600ADFAEA /* ProtocolManager.h */ = {isa = PBXFileReference; fileEncoding = 4; lastKnownFileType = sourcecode.c.h; path = ProtocolManager.h; sourceTree = "<group>"; };
		03B918C91531185600ADFAEA /* ProtocolManager.m */ = {isa = PBXFileReference; fileEncoding = 4; lastKnownFileType = sourcecode.c.objc; path = ProtocolManager.m; sourceTree = "<group>"; };
		03B918CA1531185600ADFAEA /* ProtocolObject.h */ = {isa = PBXFileReference; fileEncoding = 4; lastKnownFileType = sourcecode.c.h; path = ProtocolObject.h; sourceTree = "<group>"; };
		03B918CB1531185600ADFAEA /* ProtocolObject.m */ = {isa = PBXFileReference; fileEncoding = 4; lastKnownFileType = sourcecode.c.objc; path = ProtocolObject.m; sourceTree = "<group>"; };
		03B918CE153118AE00ADFAEA /* Member.h */ = {isa = PBXFileReference; fileEncoding = 4; lastKnownFileType = sourcecode.c.h; path = Member.h; sourceTree = "<group>"; };
		03B918CF153118AE00ADFAEA /* Member.m */ = {isa = PBXFileReference; fileEncoding = 4; lastKnownFileType = sourcecode.c.objc; path = Member.m; sourceTree = "<group>"; };
		03DFE5F6153DB03D00BABD48 /* SystemConfiguration.framework */ = {isa = PBXFileReference; lastKnownFileType = wrapper.framework; name = SystemConfiguration.framework; path = System/Library/Frameworks/SystemConfiguration.framework; sourceTree = SDKROOT; };
		03DFE5FC153DB83A00BABD48 /* Reachability.h */ = {isa = PBXFileReference; fileEncoding = 4; lastKnownFileType = sourcecode.c.h; path = Reachability.h; sourceTree = "<group>"; };
		03DFE5FD153DB83A00BABD48 /* Reachability.m */ = {isa = PBXFileReference; fileEncoding = 4; lastKnownFileType = sourcecode.c.objc; path = Reachability.m; sourceTree = "<group>"; };
/* End PBXFileReference section */

/* Begin PBXFrameworksBuildPhase section */
		03B9189F153117F800ADFAEA /* Frameworks */ = {
			isa = PBXFrameworksBuildPhase;
			buildActionMask = 2147483647;
			files = (
				03DFE5F7153DB03D00BABD48 /* SystemConfiguration.framework in Frameworks */,
				032F6488153A1606004E22FA /* libsqlite3.dylib in Frameworks */,
				03B918A7153117F800ADFAEA /* UIKit.framework in Frameworks */,
				03B918A9153117F800ADFAEA /* Foundation.framework in Frameworks */,
				03B918AB153117F800ADFAEA /* CoreGraphics.framework in Frameworks */,
			);
			runOnlyForDeploymentPostprocessing = 0;
		};
/* End PBXFrameworksBuildPhase section */

/* Begin PBXGroup section */
		03B91897153117F800ADFAEA = {
			isa = PBXGroup;
			children = (
				03DFE5FA153DB83A00BABD48 /* Lib */,
				03B918C71531185600ADFAEA /* Classes */,
				03B918AC153117F800ADFAEA /* Protocol */,
				03B918A5153117F800ADFAEA /* Frameworks */,
				03B918A3153117F800ADFAEA /* Products */,
			);
			sourceTree = "<group>";
		};
		03B918A3153117F800ADFAEA /* Products */ = {
			isa = PBXGroup;
			children = (
				03B918A2153117F800ADFAEA /* Protocol.app */,
			);
			name = Products;
			sourceTree = "<group>";
		};
		03B918A5153117F800ADFAEA /* Frameworks */ = {
			isa = PBXGroup;
			children = (
				03DFE5F6153DB03D00BABD48 /* SystemConfiguration.framework */,
				032F6487153A1606004E22FA /* libsqlite3.dylib */,
				03B918A6153117F800ADFAEA /* UIKit.framework */,
				03B918A8153117F800ADFAEA /* Foundation.framework */,
				03B918AA153117F800ADFAEA /* CoreGraphics.framework */,
			);
			name = Frameworks;
			sourceTree = "<group>";
		};
		03B918AC153117F800ADFAEA /* Protocol */ = {
			isa = PBXGroup;
			children = (
				035184F11537B38F000081DD /* Button_Blue.png */,
				035184EE1537A7CC000081DD /* me_coding.jpg */,
				03B918CE153118AE00ADFAEA /* Member.h */,
				03B918CF153118AE00ADFAEA /* Member.m */,
				03B918B5153117F800ADFAEA /* AppDelegate.h */,
				03B918B6153117F800ADFAEA /* AppDelegate.m */,
				03B918B8153117F800ADFAEA /* MainStoryboard_iPhone.storyboard */,
				03B918BB153117F900ADFAEA /* MainStoryboard_iPad.storyboard */,
				03B918BE153117F900ADFAEA /* ViewController.h */,
				03B918BF153117F900ADFAEA /* ViewController.m */,
				03B918AD153117F800ADFAEA /* Supporting Files */,
				0310AC7A156FBF0900297FF5 /* Pet.h */,
				0310AC7B156FBF0900297FF5 /* Pet.m */,
			);
			path = Protocol;
			sourceTree = "<group>";
		};
		03B918AD153117F800ADFAEA /* Supporting Files */ = {
			isa = PBXGroup;
			children = (
				03B918AE153117F800ADFAEA /* Protocol-Info.plist */,
				03B918AF153117F800ADFAEA /* InfoPlist.strings */,
				03B918B2153117F800ADFAEA /* main.m */,
				03B918B4153117F800ADFAEA /* Protocol-Prefix.pch */,
			);
			name = "Supporting Files";
			sourceTree = "<group>";
		};
		03B918C71531185600ADFAEA /* Classes */ = {
			isa = PBXGroup;
			children = (
				03B918C81531185600ADFAEA /* ProtocolManager.h */,
				03B918C91531185600ADFAEA /* ProtocolManager.m */,
				03B918CA1531185600ADFAEA /* ProtocolObject.h */,
				03B918CB1531185600ADFAEA /* ProtocolObject.m */,
				032F6483153A1377004E22FA /* ProtocolPersist.h */,
				032F6484153A1377004E22FA /* ProtocolPersist.m */,
			);
			path = Classes;
			sourceTree = "<group>";
		};
		03DFE5FA153DB83A00BABD48 /* Lib */ = {
			isa = PBXGroup;
			children = (
				03DFE5FB153DB83A00BABD48 /* Reachability */,
			);
			path = Lib;
			sourceTree = "<group>";
		};
		03DFE5FB153DB83A00BABD48 /* Reachability */ = {
			isa = PBXGroup;
			children = (
				03DFE5FC153DB83A00BABD48 /* Reachability.h */,
				03DFE5FD153DB83A00BABD48 /* Reachability.m */,
			);
			path = Reachability;
			sourceTree = "<group>";
		};
/* End PBXGroup section */

/* Begin PBXNativeTarget section */
		03B918A1153117F800ADFAEA /* Protocol */ = {
			isa = PBXNativeTarget;
			buildConfigurationList = 03B918C3153117F900ADFAEA /* Build configuration list for PBXNativeTarget "Protocol" */;
			buildPhases = (
				03B9189E153117F800ADFAEA /* Sources */,
				03B9189F153117F800ADFAEA /* Frameworks */,
				03B918A0153117F800ADFAEA /* Resources */,
			);
			buildRules = (
			);
			dependencies = (
			);
			name = Protocol;
			productName = Protocol;
			productReference = 03B918A2153117F800ADFAEA /* Protocol.app */;
			productType = "com.apple.product-type.application";
		};
/* End PBXNativeTarget section */

/* Begin PBXProject section */
		03B91899153117F800ADFAEA /* Project object */ = {
			isa = PBXProject;
			attributes = {
				LastUpgradeCheck = 0430;
			};
			buildConfigurationList = 03B9189C153117F800ADFAEA /* Build configuration list for PBXProject "Protocol" */;
			compatibilityVersion = "Xcode 3.2";
			developmentRegion = English;
			hasScannedForEncodings = 0;
			knownRegions = (
				en,
			);
			mainGroup = 03B91897153117F800ADFAEA;
			productRefGroup = 03B918A3153117F800ADFAEA /* Products */;
			projectDirPath = "";
			projectRoot = "";
			targets = (
				03B918A1153117F800ADFAEA /* Protocol */,
			);
		};
/* End PBXProject section */

/* Begin PBXResourcesBuildPhase section */
		03B918A0153117F800ADFAEA /* Resources */ = {
			isa = PBXResourcesBuildPhase;
			buildActionMask = 2147483647;
			files = (
				03B918B1153117F800ADFAEA /* InfoPlist.strings in Resources */,
				03B918BA153117F900ADFAEA /* MainStoryboard_iPhone.storyboard in Resources */,
				03B918BD153117F900ADFAEA /* MainStoryboard_iPad.storyboard in Resources */,
				035184EF1537A7CC000081DD /* me_coding.jpg in Resources */,
				035184F21537B38F000081DD /* Button_Blue.png in Resources */,
			);
			runOnlyForDeploymentPostprocessing = 0;
		};
/* End PBXResourcesBuildPhase section */

/* Begin PBXSourcesBuildPhase section */
		03B9189E153117F800ADFAEA /* Sources */ = {
			isa = PBXSourcesBuildPhase;
			buildActionMask = 2147483647;
			files = (
				03B918B3153117F800ADFAEA /* main.m in Sources */,
				03B918B7153117F800ADFAEA /* AppDelegate.m in Sources */,
				03B918C0153117F900ADFAEA /* ViewController.m in Sources */,
				03B918CC1531185600ADFAEA /* ProtocolManager.m in Sources */,
				03B918CD1531185600ADFAEA /* ProtocolObject.m in Sources */,
				03B918D0153118AE00ADFAEA /* Member.m in Sources */,
				032F6485153A1377004E22FA /* ProtocolPersist.m in Sources */,
				03DFE5FE153DB83A00BABD48 /* Reachability.m in Sources */,
				0310AC7C156FBF0900297FF5 /* Pet.m in Sources */,
			);
			runOnlyForDeploymentPostprocessing = 0;
		};
/* End PBXSourcesBuildPhase section */

/* Begin PBXVariantGroup section */
		03B918AF153117F800ADFAEA /* InfoPlist.strings */ = {
			isa = PBXVariantGroup;
			children = (
				03B918B0153117F800ADFAEA /* en */,
			);
			name = InfoPlist.strings;
			sourceTree = "<group>";
		};
		03B918B8153117F800ADFAEA /* MainStoryboard_iPhone.storyboard */ = {
			isa = PBXVariantGroup;
			children = (
				03B918B9153117F900ADFAEA /* en */,
			);
			name = MainStoryboard_iPhone.storyboard;
			sourceTree = "<group>";
		};
		03B918BB153117F900ADFAEA /* MainStoryboard_iPad.storyboard */ = {
			isa = PBXVariantGroup;
			children = (
				03B918BC153117F900ADFAEA /* en */,
			);
			name = MainStoryboard_iPad.storyboard;
			sourceTree = "<group>";
		};
/* End PBXVariantGroup section */

/* Begin XCBuildConfiguration section */
		03B918C1153117F900ADFAEA /* Debug */ = {
			isa = XCBuildConfiguration;
			buildSettings = {
				ALWAYS_SEARCH_USER_PATHS = NO;
				ARCHS = "$(ARCHS_STANDARD_32_BIT)";
				CLANG_ENABLE_OBJC_ARC = YES;
				"CODE_SIGN_IDENTITY[sdk=iphoneos*]" = "iPhone Developer";
				COPY_PHASE_STRIP = NO;
				GCC_C_LANGUAGE_STANDARD = gnu99;
				GCC_DYNAMIC_NO_PIC = NO;
				GCC_OPTIMIZATION_LEVEL = 0;
				GCC_PREPROCESSOR_DEFINITIONS = (
					"DEBUG=1",
					"$(inherited)",
				);
				GCC_SYMBOLS_PRIVATE_EXTERN = NO;
				GCC_VERSION = com.apple.compilers.llvm.clang.1_0;
				GCC_WARN_ABOUT_RETURN_TYPE = YES;
				GCC_WARN_UNINITIALIZED_AUTOS = YES;
				GCC_WARN_UNUSED_VARIABLE = YES;
				IPHONEOS_DEPLOYMENT_TARGET = 5.1;
				SDKROOT = iphoneos;
				TARGETED_DEVICE_FAMILY = "1,2";
			};
			name = Debug;
		};
		03B918C2153117F900ADFAEA /* Release */ = {
			isa = XCBuildConfiguration;
			buildSettings = {
				ALWAYS_SEARCH_USER_PATHS = NO;
				ARCHS = "$(ARCHS_STANDARD_32_BIT)";
				CLANG_ENABLE_OBJC_ARC = YES;
				"CODE_SIGN_IDENTITY[sdk=iphoneos*]" = "iPhone Developer";
				COPY_PHASE_STRIP = YES;
				GCC_C_LANGUAGE_STANDARD = gnu99;
				GCC_VERSION = com.apple.compilers.llvm.clang.1_0;
				GCC_WARN_ABOUT_RETURN_TYPE = YES;
				GCC_WARN_UNINITIALIZED_AUTOS = YES;
				GCC_WARN_UNUSED_VARIABLE = YES;
				IPHONEOS_DEPLOYMENT_TARGET = 5.1;
				OTHER_CFLAGS = "-DNS_BLOCK_ASSERTIONS=1";
				SDKROOT = iphoneos;
				TARGETED_DEVICE_FAMILY = "1,2";
				VALIDATE_PRODUCT = YES;
			};
			name = Release;
		};
		03B918C4153117F900ADFAEA /* Debug */ = {
			isa = XCBuildConfiguration;
			buildSettings = {
				GCC_PRECOMPILE_PREFIX_HEADER = YES;
				GCC_PREFIX_HEADER = "Protocol/Protocol-Prefix.pch";
				INFOPLIST_FILE = "Protocol/Protocol-Info.plist";
				PRODUCT_NAME = "$(TARGET_NAME)";
				WRAPPER_EXTENSION = app;
			};
			name = Debug;
		};
		03B918C5153117F900ADFAEA /* Release */ = {
			isa = XCBuildConfiguration;
			buildSettings = {
				GCC_PRECOMPILE_PREFIX_HEADER = YES;
				GCC_PREFIX_HEADER = "Protocol/Protocol-Prefix.pch";
				INFOPLIST_FILE = "Protocol/Protocol-Info.plist";
				PRODUCT_NAME = "$(TARGET_NAME)";
				WRAPPER_EXTENSION = app;
			};
			name = Release;
		};
/* End XCBuildConfiguration section */

/* Begin XCConfigurationList section */
		03B9189C153117F800ADFAEA /* Build configuration list for PBXProject "Protocol" */ = {
			isa = XCConfigurationList;
			buildConfigurations = (
				03B918C1153117F900ADFAEA /* Debug */,
				03B918C2153117F900ADFAEA /* Release */,
			);
			defaultConfigurationIsVisible = 0;
			defaultConfigurationName = Release;
		};
		03B918C3153117F900ADFAEA /* Build configuration list for PBXNativeTarget "Protocol" */ = {
			isa = XCConfigurationList;
			buildConfigurations = (
				03B918C4153117F900ADFAEA /* Debug */,
				03B918C5153117F900ADFAEA /* Release */,
			);
			defaultConfigurationIsVisible = 0;
			defaultConfigurationName = Release;
		};
/* End XCConfigurationList section */
	};
	rootObject = 03B91899153117F800ADFAEA /* Project object */;
}
